
Microsoft Visual Studio Solution File, Format Version 12.00
# Visual Studio 15
VisualStudioVersion = 15.0.28307.572
MinimumVisualStudioVersion = 10.0.40219.1
Project("{FAE04EC0-301F-11D3-BF4B-00C04F79EFBC}") = "FileViewer", "FileViewer\FileViewer.csproj", "{20CD6B9D-13A3-4A19-B381-8C50D535CF52}"
EndProject
Global
	GlobalSection(SolutionConfigurationPlatforms) = preSolution
		Debug|Any CPU = Debug|Any CPU
		Release|Any CPU = Release|Any CPU
	EndGlobalSection
	GlobalSection(ProjectConfigurationPlatforms) = postSolution
		{20CD6B9D-13A3-4A19-B381-8C50D535CF52}.Debug|Any CPU.ActiveCfg = Debug|Any CPU
		{20CD6B9D-13A3-4A19-B381-8C50D535CF52}.Debug|Any CPU.Build.0 = Debug|Any CPU
		{20CD6B9D-13A3-4A19-B381-8C50D535CF52}.Release|Any CPU.ActiveCfg = Release|Any CPU
		{20CD6B9D-13A3-4A19-B381-8C50D535CF52}.Release|Any CPU.Build.0 = Release|Any CPU
	EndGlobalSection
	GlobalSection(SolutionProperties) = preSolution
		HideSolutionNode = FALSE
	EndGlobalSection
	GlobalSection(ExtensibilityGlobals) = postSolution
		SolutionGuid = {69FBC6C3-5B7E-4D44-A145-251166C62132}
	EndGlobalSection
EndGlobal
